// !$*UTF8*$!
{
	archiveVersion = 1;
	classes = {
	};
	objectVersion = 56;
	objects = {

/* Begin PBXBuildFile section */
		DE92FBC62AC1CC6500681F1C /* treinamentoApp.swift in Sources */ = {isa = PBXBuildFile; fileRef = DE92FBC52AC1CC6500681F1C /* treinamentoApp.swift */; };
		DE92FBCA2AC1CC6700681F1C /* Assets.xcassets in Resources */ = {isa = PBXBuildFile; fileRef = DE92FBC92AC1CC6700681F1C /* Assets.xcassets */; };
		DE92FBCD2AC1CC6700681F1C /* Preview Assets.xcassets in Resources */ = {isa = PBXBuildFile; fileRef = DE92FBCC2AC1CC6700681F1C /* Preview Assets.xcassets */; };
		DE92FBDB2AC1D1F100681F1C /* Home.swift in Sources */ = {isa = PBXBuildFile; fileRef = DE92FBDA2AC1D1F100681F1C /* Home.swift */; };
		DE92FBE02AC1D21B00681F1C /* Product.swift in Sources */ = {isa = PBXBuildFile; fileRef = DE92FBDF2AC1D21B00681F1C /* Product.swift */; };
		DE92FBE32AC1D22F00681F1C /* ProductBackend.swift in Sources */ = {isa = PBXBuildFile; fileRef = DE92FBE22AC1D22F00681F1C /* ProductBackend.swift */; };
		DE92FBE82AC1D30300681F1C /* SearchProductsUseCase.swift in Sources */ = {isa = PBXBuildFile; fileRef = DE92FBE72AC1D30300681F1C /* SearchProductsUseCase.swift */; };
		DE92FBEB2AC1D72D00681F1C /* Header.swift in Sources */ = {isa = PBXBuildFile; fileRef = DE92FBEA2AC1D72D00681F1C /* Header.swift */; };
		DE92FBED2AC1D8D500681F1C /* ProductListView.swift in Sources */ = {isa = PBXBuildFile; fileRef = DE92FBEC2AC1D8D500681F1C /* ProductListView.swift */; };
		DE92FBF02AC1D9D900681F1C /* CardSkeleton.swift in Sources */ = {isa = PBXBuildFile; fileRef = DE92FBEF2AC1D9D900681F1C /* CardSkeleton.swift */; };
		DE92FBF22AC1DA0E00681F1C /* Card.swift in Sources */ = {isa = PBXBuildFile; fileRef = DE92FBF12AC1DA0E00681F1C /* Card.swift */; };
		DE92FBF52AC1DA8300681F1C /* PriceFormatter.swift in Sources */ = {isa = PBXBuildFile; fileRef = DE92FBF42AC1DA8300681F1C /* PriceFormatter.swift */; };
		DE92FBF72AC1DB3300681F1C /* LoadImageFromURL.swift in Sources */ = {isa = PBXBuildFile; fileRef = DE92FBF62AC1DB3300681F1C /* LoadImageFromURL.swift */; };
		DE92FBF92AC1DD7800681F1C /* Footer.swift in Sources */ = {isa = PBXBuildFile; fileRef = DE92FBF82AC1DD7800681F1C /* Footer.swift */; };
		DE92FC002AC1F8FC00681F1C /* CartProduct.swift in Sources */ = {isa = PBXBuildFile; fileRef = DE92FBFF2AC1F8FC00681F1C /* CartProduct.swift */; };
		DE92FC042AC1FA2500681F1C /* GetAllProductsUseCase.swift in Sources */ = {isa = PBXBuildFile; fileRef = DE92FC032AC1FA2500681F1C /* GetAllProductsUseCase.swift */; };
		DE92FC082AC1FB8000681F1C /* GetAllProductsRepository.swift in Sources */ = {isa = PBXBuildFile; fileRef = DE92FC072AC1FB8000681F1C /* GetAllProductsRepository.swift */; };
		DE92FC0A2AC1FBC600681F1C /* GetAllProductsImpl.swift in Sources */ = {isa = PBXBuildFile; fileRef = DE92FC092AC1FBC600681F1C /* GetAllProductsImpl.swift */; };
		DE92FC0E2AC1FE9700681F1C /* ProductListViewModel.swift in Sources */ = {isa = PBXBuildFile; fileRef = DE92FC0D2AC1FE9700681F1C /* ProductListViewModel.swift */; };
		DE92FC112AC2002000681F1C /* GetAllProducts.swift in Sources */ = {isa = PBXBuildFile; fileRef = DE92FC102AC2002000681F1C /* GetAllProducts.swift */; };
		DE92FC152AC2005200681F1C /* API.swift in Sources */ = {isa = PBXBuildFile; fileRef = DE92FC142AC2005200681F1C /* API.swift */; };
/* End PBXBuildFile section */

/* Begin PBXFileReference section */
		DE92FBC22AC1CC6500681F1C /* treinamento-mvvm.app */ = {isa = PBXFileReference; explicitFileType = wrapper.application; includeInIndex = 0; path = "treinamento-mvvm.app"; sourceTree = BUILT_PRODUCTS_DIR; };
		DE92FBC52AC1CC6500681F1C /* treinamentoApp.swift */ = {isa = PBXFileReference; lastKnownFileType = sourcecode.swift; path = treinamentoApp.swift; sourceTree = "<group>"; };
		DE92FBC92AC1CC6700681F1C /* Assets.xcassets */ = {isa = PBXFileReference; lastKnownFileType = folder.assetcatalog; path = Assets.xcassets; sourceTree = "<group>"; };
		DE92FBCC2AC1CC6700681F1C /* Preview Assets.xcassets */ = {isa = PBXFileReference; lastKnownFileType = folder.assetcatalog; path = "Preview Assets.xcassets"; sourceTree = "<group>"; };
		DE92FBDA2AC1D1F100681F1C /* Home.swift */ = {isa = PBXFileReference; fileEncoding = 4; lastKnownFileType = sourcecode.swift; path = Home.swift; sourceTree = "<group>"; };
		DE92FBDF2AC1D21B00681F1C /* Product.swift */ = {isa = PBXFileReference; lastKnownFileType = sourcecode.swift; path = Product.swift; sourceTree = "<group>"; };
		DE92FBE22AC1D22F00681F1C /* ProductBackend.swift */ = {isa = PBXFileReference; lastKnownFileType = sourcecode.swift; path = ProductBackend.swift; sourceTree = "<group>"; };
		DE92FBE72AC1D30300681F1C /* SearchProductsUseCase.swift */ = {isa = PBXFileReference; lastKnownFileType = sourcecode.swift; path = SearchProductsUseCase.swift; sourceTree = "<group>"; };
		DE92FBEA2AC1D72D00681F1C /* Header.swift */ = {isa = PBXFileReference; lastKnownFileType = sourcecode.swift; path = Header.swift; sourceTree = "<group>"; };
		DE92FBEC2AC1D8D500681F1C /* ProductListView.swift */ = {isa = PBXFileReference; lastKnownFileType = sourcecode.swift; path = ProductListView.swift; sourceTree = "<group>"; };
		DE92FBEF2AC1D9D900681F1C /* CardSkeleton.swift */ = {isa = PBXFileReference; lastKnownFileType = sourcecode.swift; path = CardSkeleton.swift; sourceTree = "<group>"; };
		DE92FBF12AC1DA0E00681F1C /* Card.swift */ = {isa = PBXFileReference; lastKnownFileType = sourcecode.swift; path = Card.swift; sourceTree = "<group>"; };
		DE92FBF42AC1DA8300681F1C /* PriceFormatter.swift */ = {isa = PBXFileReference; lastKnownFileType = sourcecode.swift; path = PriceFormatter.swift; sourceTree = "<group>"; };
		DE92FBF62AC1DB3300681F1C /* LoadImageFromURL.swift */ = {isa = PBXFileReference; lastKnownFileType = sourcecode.swift; path = LoadImageFromURL.swift; sourceTree = "<group>"; };
		DE92FBF82AC1DD7800681F1C /* Footer.swift */ = {isa = PBXFileReference; lastKnownFileType = sourcecode.swift; path = Footer.swift; sourceTree = "<group>"; };
		DE92FBFF2AC1F8FC00681F1C /* CartProduct.swift */ = {isa = PBXFileReference; lastKnownFileType = sourcecode.swift; path = CartProduct.swift; sourceTree = "<group>"; };
		DE92FC032AC1FA2500681F1C /* GetAllProductsUseCase.swift */ = {isa = PBXFileReference; lastKnownFileType = sourcecode.swift; path = GetAllProductsUseCase.swift; sourceTree = "<group>"; };
		DE92FC072AC1FB8000681F1C /* GetAllProductsRepository.swift */ = {isa = PBXFileReference; lastKnownFileType = sourcecode.swift; path = GetAllProductsRepository.swift; sourceTree = "<group>"; };
		DE92FC092AC1FBC600681F1C /* GetAllProductsImpl.swift */ = {isa = PBXFileReference; lastKnownFileType = sourcecode.swift; path = GetAllProductsImpl.swift; sourceTree = "<group>"; };
		DE92FC0D2AC1FE9700681F1C /* ProductListViewModel.swift */ = {isa = PBXFileReference; lastKnownFileType = sourcecode.swift; path = ProductListViewModel.swift; sourceTree = "<group>"; };
		DE92FC102AC2002000681F1C /* GetAllProducts.swift */ = {isa = PBXFileReference; lastKnownFileType = sourcecode.swift; path = GetAllProducts.swift; sourceTree = "<group>"; };
		DE92FC142AC2005200681F1C /* API.swift */ = {isa = PBXFileReference; lastKnownFileType = sourcecode.swift; path = API.swift; sourceTree = "<group>"; };
/* End PBXFileReference section */

/* Begin PBXFrameworksBuildPhase section */
		DE92FBBF2AC1CC6500681F1C /* Frameworks */ = {
			isa = PBXFrameworksBuildPhase;
			buildActionMask = 2147483647;
			files = (
			);
			runOnlyForDeploymentPostprocessing = 0;
		};
/* End PBXFrameworksBuildPhase section */

/* Begin PBXGroup section */
		DE92FBB92AC1CC6500681F1C = {
			isa = PBXGroup;
			children = (
				DE92FBC42AC1CC6500681F1C /* treinamento-mvvm */,
				DE92FBC32AC1CC6500681F1C /* Products */,
			);
			sourceTree = "<group>";
		};
		DE92FBC32AC1CC6500681F1C /* Products */ = {
			isa = PBXGroup;
			children = (
				DE92FBC22AC1CC6500681F1C /* treinamento-mvvm.app */,
			);
			name = Products;
			sourceTree = "<group>";
		};
		DE92FBC42AC1CC6500681F1C /* treinamento-mvvm */ = {
			isa = PBXGroup;
			children = (
				DE92FC0F2AC2000D00681F1C /* Repository */,
				DE92FC022AC1F9AD00681F1C /* Data */,
				DE92FBF32AC1DA7900681F1C /* Utils */,
				DE92FBDD2AC1D20900681F1C /* Domain */,
				DE92FBD92AC1D1C400681F1C /* UI */,
				DE92FBC52AC1CC6500681F1C /* treinamentoApp.swift */,
				DE92FC012AC1F98400681F1C /* Resources */,
				DE92FBCB2AC1CC6700681F1C /* Preview Content */,
			);
			path = "treinamento-mvvm";
			sourceTree = "<group>";
		};
		DE92FBCB2AC1CC6700681F1C /* Preview Content */ = {
			isa = PBXGroup;
			children = (
				DE92FBCC2AC1CC6700681F1C /* Preview Assets.xcassets */,
			);
			path = "Preview Content";
			sourceTree = "<group>";
		};
		DE92FBD92AC1D1C400681F1C /* UI */ = {
			isa = PBXGroup;
			children = (
				DE92FBFA2AC1F57500681F1C /* Screens */,
			);
			path = UI;
			sourceTree = "<group>";
		};
		DE92FBDD2AC1D20900681F1C /* Domain */ = {
			isa = PBXGroup;
			children = (
				DE92FBE42AC1D2CA00681F1C /* UseCases */,
				DE92FBDE2AC1D20D00681F1C /* Entities */,
			);
			path = Domain;
			sourceTree = "<group>";
		};
		DE92FBDE2AC1D20D00681F1C /* Entities */ = {
			isa = PBXGroup;
			children = (
				DE92FBDF2AC1D21B00681F1C /* Product.swift */,
				DE92FBE22AC1D22F00681F1C /* ProductBackend.swift */,
				DE92FBFF2AC1F8FC00681F1C /* CartProduct.swift */,
			);
			path = Entities;
			sourceTree = "<group>";
		};
		DE92FBE42AC1D2CA00681F1C /* UseCases */ = {
			isa = PBXGroup;
			children = (
				DE92FBE72AC1D30300681F1C /* SearchProductsUseCase.swift */,
				DE92FC032AC1FA2500681F1C /* GetAllProductsUseCase.swift */,
			);
			path = UseCases;
			sourceTree = "<group>";
		};
		DE92FBF32AC1DA7900681F1C /* Utils */ = {
			isa = PBXGroup;
			children = (
				DE92FC132AC2004900681F1C /* Constants */,
				DE92FC122AC2004200681F1C /* Functions */,
			);
			path = Utils;
			sourceTree = "<group>";
		};
		DE92FBFA2AC1F57500681F1C /* Screens */ = {
			isa = PBXGroup;
			children = (
				DE92FBFD2AC1F5D400681F1C /* ProductDetails */,
				DE92FBFB2AC1F5A900681F1C /* Home */,
			);
			path = Screens;
			sourceTree = "<group>";
		};
		DE92FBFB2AC1F5A900681F1C /* Home */ = {
			isa = PBXGroup;
			children = (
				DE92FBFC2AC1F5AD00681F1C /* Components */,
				DE92FBDA2AC1D1F100681F1C /* Home.swift */,
			);
			path = Home;
			sourceTree = "<group>";
		};
		DE92FBFC2AC1F5AD00681F1C /* Components */ = {
			isa = PBXGroup;
			children = (
				DE92FC0C2AC1FE7800681F1C /* ProductList */,
				DE92FBEA2AC1D72D00681F1C /* Header.swift */,
				DE92FBF12AC1DA0E00681F1C /* Card.swift */,
				DE92FBEF2AC1D9D900681F1C /* CardSkeleton.swift */,
				DE92FBF82AC1DD7800681F1C /* Footer.swift */,
			);
			path = Components;
			sourceTree = "<group>";
		};
		DE92FBFD2AC1F5D400681F1C /* ProductDetails */ = {
			isa = PBXGroup;
			children = (
			);
			path = ProductDetails;
			sourceTree = "<group>";
		};
		DE92FC012AC1F98400681F1C /* Resources */ = {
			isa = PBXGroup;
			children = (
				DE92FBC92AC1CC6700681F1C /* Assets.xcassets */,
			);
			path = Resources;
			sourceTree = "<group>";
		};
		DE92FC022AC1F9AD00681F1C /* Data */ = {
			isa = PBXGroup;
			children = (
				DE92FC062AC1FB5000681F1C /* Implementations */,
				DE92FC052AC1FB4A00681F1C /* Repositories */,
			);
			path = Data;
			sourceTree = "<group>";
		};
		DE92FC052AC1FB4A00681F1C /* Repositories */ = {
			isa = PBXGroup;
			children = (
				DE92FC072AC1FB8000681F1C /* GetAllProductsRepository.swift */,
			);
			path = Repositories;
			sourceTree = "<group>";
		};
		DE92FC062AC1FB5000681F1C /* Implementations */ = {
			isa = PBXGroup;
			children = (
				DE92FC092AC1FBC600681F1C /* GetAllProductsImpl.swift */,
			);
			path = Implementations;
			sourceTree = "<group>";
		};
		DE92FC0C2AC1FE7800681F1C /* ProductList */ = {
			isa = PBXGroup;
			children = (
				DE92FBEC2AC1D8D500681F1C /* ProductListView.swift */,
				DE92FC0D2AC1FE9700681F1C /* ProductListViewModel.swift */,
			);
			path = ProductList;
			sourceTree = "<group>";
		};
		DE92FC0F2AC2000D00681F1C /* Repository */ = {
			isa = PBXGroup;
			children = (
				DE92FC102AC2002000681F1C /* GetAllProducts.swift */,
			);
			path = Repository;
			sourceTree = "<group>";
		};
		DE92FC122AC2004200681F1C /* Functions */ = {
			isa = PBXGroup;
			children = (
				DE92FBF42AC1DA8300681F1C /* PriceFormatter.swift */,
				DE92FBF62AC1DB3300681F1C /* LoadImageFromURL.swift */,
			);
			path = Functions;
			sourceTree = "<group>";
		};
		DE92FC132AC2004900681F1C /* Constants */ = {
			isa = PBXGroup;
			children = (
				DE92FC142AC2005200681F1C /* API.swift */,
			);
			path = Constants;
			sourceTree = "<group>";
		};
/* End PBXGroup section */

/* Begin PBXNativeTarget section */
		DE92FBC12AC1CC6500681F1C /* treinamento-mvvm */ = {
			isa = PBXNativeTarget;
			buildConfigurationList = DE92FBD02AC1CC6700681F1C /* Build configuration list for PBXNativeTarget "treinamento-mvvm" */;
			buildPhases = (
				DE92FBBE2AC1CC6500681F1C /* Sources */,
				DE92FBBF2AC1CC6500681F1C /* Frameworks */,
				DE92FBC02AC1CC6500681F1C /* Resources */,
			);
			buildRules = (
			);
			dependencies = (
			);
			name = "treinamento-mvvm";
			productName = "treinamento-mvvm";
			productReference = DE92FBC22AC1CC6500681F1C /* treinamento-mvvm.app */;
			productType = "com.apple.product-type.application";
		};
/* End PBXNativeTarget section */

/* Begin PBXProject section */
		DE92FBBA2AC1CC6500681F1C /* Project object */ = {
			isa = PBXProject;
			attributes = {
				BuildIndependentTargetsInParallel = 1;
				LastSwiftUpdateCheck = 1430;
				LastUpgradeCheck = 1430;
				TargetAttributes = {
					DE92FBC12AC1CC6500681F1C = {
						CreatedOnToolsVersion = 14.3.1;
					};
				};
			};
			buildConfigurationList = DE92FBBD2AC1CC6500681F1C /* Build configuration list for PBXProject "treinamento-mvvm" */;
			compatibilityVersion = "Xcode 14.0";
			developmentRegion = en;
			hasScannedForEncodings = 0;
			knownRegions = (
				en,
				Base,
			);
			mainGroup = DE92FBB92AC1CC6500681F1C;
			productRefGroup = DE92FBC32AC1CC6500681F1C /* Products */;
			projectDirPath = "";
			projectRoot = "";
			targets = (
				DE92FBC12AC1CC6500681F1C /* treinamento-mvvm */,
			);
		};
/* End PBXProject section */

/* Begin PBXResourcesBuildPhase section */
		DE92FBC02AC1CC6500681F1C /* Resources */ = {
			isa = PBXResourcesBuildPhase;
			buildActionMask = 2147483647;
			files = (
				DE92FBCD2AC1CC6700681F1C /* Preview Assets.xcassets in Resources */,
				DE92FBCA2AC1CC6700681F1C /* Assets.xcassets in Resources */,
			);
			runOnlyForDeploymentPostprocessing = 0;
		};
/* End PBXResourcesBuildPhase section */

/* Begin PBXSourcesBuildPhase section */
		DE92FBBE2AC1CC6500681F1C /* Sources */ = {
			isa = PBXSourcesBuildPhase;
			buildActionMask = 2147483647;
			files = (
				DE92FC042AC1FA2500681F1C /* GetAllProductsUseCase.swift in Sources */,
				DE92FC152AC2005200681F1C /* API.swift in Sources */,
				DE92FBDB2AC1D1F100681F1C /* Home.swift in Sources */,
				DE92FBF22AC1DA0E00681F1C /* Card.swift in Sources */,
				DE92FC082AC1FB8000681F1C /* GetAllProductsRepository.swift in Sources */,
				DE92FBF52AC1DA8300681F1C /* PriceFormatter.swift in Sources */,
				DE92FBF72AC1DB3300681F1C /* LoadImageFromURL.swift in Sources */,
				DE92FC112AC2002000681F1C /* GetAllProducts.swift in Sources */,
				DE92FBC62AC1CC6500681F1C /* treinamentoApp.swift in Sources */,
				DE92FBE82AC1D30300681F1C /* SearchProductsUseCase.swift in Sources */,
				DE92FBF92AC1DD7800681F1C /* Footer.swift in Sources */,
				DE92FBE32AC1D22F00681F1C /* ProductBackend.swift in Sources */,
				DE92FBF02AC1D9D900681F1C /* CardSkeleton.swift in Sources */,
				DE92FBED2AC1D8D500681F1C /* ProductListView.swift in Sources */,
				DE92FC0A2AC1FBC600681F1C /* GetAllProductsImpl.swift in Sources */,
				DE92FC002AC1F8FC00681F1C /* CartProduct.swift in Sources */,
				DE92FBEB2AC1D72D00681F1C /* Header.swift in Sources */,
				DE92FC0E2AC1FE9700681F1C /* ProductListViewModel.swift in Sources */,
				DE92FBE02AC1D21B00681F1C /* Product.swift in Sources */,
			);
			runOnlyForDeploymentPostprocessing = 0;
		};
/* End PBXSourcesBuildPhase section */

/* Begin XCBuildConfiguration section */
		DE92FBCE2AC1CC6700681F1C /* Debug */ = {
			isa = XCBuildConfiguration;
			buildSettings = {
				ALWAYS_SEARCH_USER_PATHS = NO;
				CLANG_ANALYZER_NONNULL = YES;
				CLANG_ANALYZER_NUMBER_OBJECT_CONVERSION = YES_AGGRESSIVE;
				CLANG_CXX_LANGUAGE_STANDARD = "gnu++20";
				CLANG_ENABLE_MODULES = YES;
				CLANG_ENABLE_OBJC_ARC = YES;
				CLANG_ENABLE_OBJC_WEAK = YES;
				CLANG_WARN_BLOCK_CAPTURE_AUTORELEASING = YES;
				CLANG_WARN_BOOL_CONVERSION = YES;
				CLANG_WARN_COMMA = YES;
				CLANG_WARN_CONSTANT_CONVERSION = YES;
				CLANG_WARN_DEPRECATED_OBJC_IMPLEMENTATIONS = YES;
				CLANG_WARN_DIRECT_OBJC_ISA_USAGE = YES_ERROR;
				CLANG_WARN_DOCUMENTATION_COMMENTS = YES;
				CLANG_WARN_EMPTY_BODY = YES;
				CLANG_WARN_ENUM_CONVERSION = YES;
				CLANG_WARN_INFINITE_RECURSION = YES;
				CLANG_WARN_INT_CONVERSION = YES;
				CLANG_WARN_NON_LITERAL_NULL_CONVERSION = YES;
				CLANG_WARN_OBJC_IMPLICIT_RETAIN_SELF = YES;
				CLANG_WARN_OBJC_LITERAL_CONVERSION = YES;
				CLANG_WARN_OBJC_ROOT_CLASS = YES_ERROR;
				CLANG_WARN_QUOTED_INCLUDE_IN_FRAMEWORK_HEADER = YES;
				CLANG_WARN_RANGE_LOOP_ANALYSIS = YES;
				CLANG_WARN_STRICT_PROTOTYPES = YES;
				CLANG_WARN_SUSPICIOUS_MOVE = YES;
				CLANG_WARN_UNGUARDED_AVAILABILITY = YES_AGGRESSIVE;
				CLANG_WARN_UNREACHABLE_CODE = YES;
				CLANG_WARN__DUPLICATE_METHOD_MATCH = YES;
				COPY_PHASE_STRIP = NO;
				DEBUG_INFORMATION_FORMAT = dwarf;
				ENABLE_STRICT_OBJC_MSGSEND = YES;
				ENABLE_TESTABILITY = YES;
				GCC_C_LANGUAGE_STANDARD = gnu11;
				GCC_DYNAMIC_NO_PIC = NO;
				GCC_NO_COMMON_BLOCKS = YES;
				GCC_OPTIMIZATION_LEVEL = 0;
				GCC_PREPROCESSOR_DEFINITIONS = (
					"DEBUG=1",
					"$(inherited)",
				);
				GCC_WARN_64_TO_32_BIT_CONVERSION = YES;
				GCC_WARN_ABOUT_RETURN_TYPE = YES_ERROR;
				GCC_WARN_UNDECLARED_SELECTOR = YES;
				GCC_WARN_UNINITIALIZED_AUTOS = YES_AGGRESSIVE;
				GCC_WARN_UNUSED_FUNCTION = YES;
				GCC_WARN_UNUSED_VARIABLE = YES;
				IPHONEOS_DEPLOYMENT_TARGET = 16.4;
				MTL_ENABLE_DEBUG_INFO = INCLUDE_SOURCE;
				MTL_FAST_MATH = YES;
				ONLY_ACTIVE_ARCH = YES;
				SDKROOT = iphoneos;
				SWIFT_ACTIVE_COMPILATION_CONDITIONS = DEBUG;
				SWIFT_OPTIMIZATION_LEVEL = "-Onone";
			};
			name = Debug;
		};
		DE92FBCF2AC1CC6700681F1C /* Release */ = {
			isa = XCBuildConfiguration;
			buildSettings = {
				ALWAYS_SEARCH_USER_PATHS = NO;
				CLANG_ANALYZER_NONNULL = YES;
				CLANG_ANALYZER_NUMBER_OBJECT_CONVERSION = YES_AGGRESSIVE;
				CLANG_CXX_LANGUAGE_STANDARD = "gnu++20";
				CLANG_ENABLE_MODULES = YES;
				CLANG_ENABLE_OBJC_ARC = YES;
				CLANG_ENABLE_OBJC_WEAK = YES;
				CLANG_WARN_BLOCK_CAPTURE_AUTORELEASING = YES;
				CLANG_WARN_BOOL_CONVERSION = YES;
				CLANG_WARN_COMMA = YES;
				CLANG_WARN_CONSTANT_CONVERSION = YES;
				CLANG_WARN_DEPRECATED_OBJC_IMPLEMENTATIONS = YES;
				CLANG_WARN_DIRECT_OBJC_ISA_USAGE = YES_ERROR;
				CLANG_WARN_DOCUMENTATION_COMMENTS = YES;
				CLANG_WARN_EMPTY_BODY = YES;
				CLANG_WARN_ENUM_CONVERSION = YES;
				CLANG_WARN_INFINITE_RECURSION = YES;
				CLANG_WARN_INT_CONVERSION = YES;
				CLANG_WARN_NON_LITERAL_NULL_CONVERSION = YES;
				CLANG_WARN_OBJC_IMPLICIT_RETAIN_SELF = YES;
				CLANG_WARN_OBJC_LITERAL_CONVERSION = YES;
				CLANG_WARN_OBJC_ROOT_CLASS = YES_ERROR;
				CLANG_WARN_QUOTED_INCLUDE_IN_FRAMEWORK_HEADER = YES;
				CLANG_WARN_RANGE_LOOP_ANALYSIS = YES;
				CLANG_WARN_STRICT_PROTOTYPES = YES;
				CLANG_WARN_SUSPICIOUS_MOVE = YES;
				CLANG_WARN_UNGUARDED_AVAILABILITY = YES_AGGRESSIVE;
				CLANG_WARN_UNREACHABLE_CODE = YES;
				CLANG_WARN__DUPLICATE_METHOD_MATCH = YES;
				COPY_PHASE_STRIP = NO;
				DEBUG_INFORMATION_FORMAT = "dwarf-with-dsym";
				ENABLE_NS_ASSERTIONS = NO;
				ENABLE_STRICT_OBJC_MSGSEND = YES;
				GCC_C_LANGUAGE_STANDARD = gnu11;
				GCC_NO_COMMON_BLOCKS = YES;
				GCC_WARN_64_TO_32_BIT_CONVERSION = YES;
				GCC_WARN_ABOUT_RETURN_TYPE = YES_ERROR;
				GCC_WARN_UNDECLARED_SELECTOR = YES;
				GCC_WARN_UNINITIALIZED_AUTOS = YES_AGGRESSIVE;
				GCC_WARN_UNUSED_FUNCTION = YES;
				GCC_WARN_UNUSED_VARIABLE = YES;
				IPHONEOS_DEPLOYMENT_TARGET = 16.4;
				MTL_ENABLE_DEBUG_INFO = NO;
				MTL_FAST_MATH = YES;
				SDKROOT = iphoneos;
				SWIFT_COMPILATION_MODE = wholemodule;
				SWIFT_OPTIMIZATION_LEVEL = "-O";
				VALIDATE_PRODUCT = YES;
			};
			name = Release;
		};
		DE92FBD12AC1CC6700681F1C /* Debug */ = {
			isa = XCBuildConfiguration;
			buildSettings = {
				ASSETCATALOG_COMPILER_APPICON_NAME = AppIcon;
				ASSETCATALOG_COMPILER_GLOBAL_ACCENT_COLOR_NAME = AccentColor;
				CODE_SIGN_STYLE = Automatic;
				CURRENT_PROJECT_VERSION = 1;
				DEVELOPMENT_ASSET_PATHS = "\"treinamento-mvvm/Preview Content\"";
				ENABLE_PREVIEWS = YES;
				GENERATE_INFOPLIST_FILE = YES;
				INFOPLIST_KEY_UIApplicationSceneManifest_Generation = YES;
				INFOPLIST_KEY_UIApplicationSupportsIndirectInputEvents = YES;
				INFOPLIST_KEY_UILaunchScreen_Generation = YES;
				INFOPLIST_KEY_UISupportedInterfaceOrientations_iPad = "UIInterfaceOrientationPortrait UIInterfaceOrientationPortraitUpsideDown UIInterfaceOrientationLandscapeLeft UIInterfaceOrientationLandscapeRight";
				INFOPLIST_KEY_UISupportedInterfaceOrientations_iPhone = "UIInterfaceOrientationPortrait UIInterfaceOrientationLandscapeLeft UIInterfaceOrientationLandscapeRight";
				LD_RUNPATH_SEARCH_PATHS = (
					"$(inherited)",
					"@executable_path/Frameworks",
				);
				MARKETING_VERSION = 1.0;
				PRODUCT_BUNDLE_IDENTIFIER = "com.laura.treinamento-mvvm";
				PRODUCT_NAME = "$(TARGET_NAME)";
				SWIFT_EMIT_LOC_STRINGS = YES;
				SWIFT_VERSION = 5.0;
				TARGETED_DEVICE_FAMILY = "1,2";
			};
			name = Debug;
		};
		DE92FBD22AC1CC6700681F1C /* Release */ = {
			isa = XCBuildConfiguration;
			buildSettings = {
				ASSETCATALOG_COMPILER_APPICON_NAME = AppIcon;
				ASSETCATALOG_COMPILER_GLOBAL_ACCENT_COLOR_NAME = AccentColor;
				CODE_SIGN_STYLE = Automatic;
				CURRENT_PROJECT_VERSION = 1;
				DEVELOPMENT_ASSET_PATHS = "\"treinamento-mvvm/Preview Content\"";
				ENABLE_PREVIEWS = YES;
				GENERATE_INFOPLIST_FILE = YES;
				INFOPLIST_KEY_UIApplicationSceneManifest_Generation = YES;
				INFOPLIST_KEY_UIApplicationSupportsIndirectInputEvents = YES;
				INFOPLIST_KEY_UILaunchScreen_Generation = YES;
				INFOPLIST_KEY_UISupportedInterfaceOrientations_iPad = "UIInterfaceOrientationPortrait UIInterfaceOrientationPortraitUpsideDown UIInterfaceOrientationLandscapeLeft UIInterfaceOrientationLandscapeRight";
				INFOPLIST_KEY_UISupportedInterfaceOrientations_iPhone = "UIInterfaceOrientationPortrait UIInterfaceOrientationLandscapeLeft UIInterfaceOrientationLandscapeRight";
				LD_RUNPATH_SEARCH_PATHS = (
					"$(inherited)",
					"@executable_path/Frameworks",
				);
				MARKETING_VERSION = 1.0;
				PRODUCT_BUNDLE_IDENTIFIER = "com.laura.treinamento-mvvm";
				PRODUCT_NAME = "$(TARGET_NAME)";
				SWIFT_EMIT_LOC_STRINGS = YES;
				SWIFT_VERSION = 5.0;
				TARGETED_DEVICE_FAMILY = "1,2";
			};
			name = Release;
		};
/* End XCBuildConfiguration section */

/* Begin XCConfigurationList section */
		DE92FBBD2AC1CC6500681F1C /* Build configuration list for PBXProject "treinamento-mvvm" */ = {
			isa = XCConfigurationList;
			buildConfigurations = (
				DE92FBCE2AC1CC6700681F1C /* Debug */,
				DE92FBCF2AC1CC6700681F1C /* Release */,
			);
			defaultConfigurationIsVisible = 0;
			defaultConfigurationName = Release;
		};
		DE92FBD02AC1CC6700681F1C /* Build configuration list for PBXNativeTarget "treinamento-mvvm" */ = {
			isa = XCConfigurationList;
			buildConfigurations = (
				DE92FBD12AC1CC6700681F1C /* Debug */,
				DE92FBD22AC1CC6700681F1C /* Release */,
			);
			defaultConfigurationIsVisible = 0;
			defaultConfigurationName = Release;
		};
/* End XCConfigurationList section */
	};
	rootObject = DE92FBBA2AC1CC6500681F1C /* Project object */;
}
